// !$*UTF8*$!
{
	archiveVersion = 1;
	classes = {
	};
	objectVersion = 46;
	objects = {

/* Begin PBXBuildFile section */
		E571D8811CBBF61100258582 /* MD5.m in Sources */ = {isa = PBXBuildFile; fileRef = E571D8801CBBF61100258582 /* MD5.m */; };
		E5B603CF1BFC4EFC00D93370 /* main.m in Sources */ = {isa = PBXBuildFile; fileRef = E5B603CE1BFC4EFC00D93370 /* main.m */; };
		E5B603D21BFC4EFC00D93370 /* AppDelegate.m in Sources */ = {isa = PBXBuildFile; fileRef = E5B603D11BFC4EFC00D93370 /* AppDelegate.m */; };
		E5B603D51BFC4EFC00D93370 /* ViewController.m in Sources */ = {isa = PBXBuildFile; fileRef = E5B603D41BFC4EFC00D93370 /* ViewController.m */; };
		E5B603D81BFC4EFC00D93370 /* Main.storyboard in Resources */ = {isa = PBXBuildFile; fileRef = E5B603D61BFC4EFC00D93370 /* Main.storyboard */; };
		E5B603DA1BFC4EFC00D93370 /* Assets.xcassets in Resources */ = {isa = PBXBuildFile; fileRef = E5B603D91BFC4EFC00D93370 /* Assets.xcassets */; };
		E5B603DD1BFC4EFC00D93370 /* LaunchScreen.storyboard in Resources */ = {isa = PBXBuildFile; fileRef = E5B603DB1BFC4EFC00D93370 /* LaunchScreen.storyboard */; };
		E5B6043F1BFC4F3200D93370 /* libcrypto.a in Frameworks */ = {isa = PBXBuildFile; fileRef = E5B6043D1BFC4F3200D93370 /* libcrypto.a */; };
		E5B604A61BFC501900D93370 /* libssl.a in Frameworks */ = {isa = PBXBuildFile; fileRef = E5B6049C1BFC501900D93370 /* libssl.a */; };
		E5B604A71BFC501900D93370 /* js_base_64.c in Sources */ = {isa = PBXBuildFile; fileRef = E5B6049D1BFC501900D93370 /* js_base_64.c */; };
		E5B604A81BFC501900D93370 /* js_rsa.c in Sources */ = {isa = PBXBuildFile; fileRef = E5B6049F1BFC501900D93370 /* js_rsa.c */; };
		E5B604A91BFC501900D93370 /* JSRSA.m in Sources */ = {isa = PBXBuildFile; fileRef = E5B604A21BFC501900D93370 /* JSRSA.m */; };
		E5B604B21BFC524900D93370 /* private_key.pem in Resources */ = {isa = PBXBuildFile; fileRef = E5B604B01BFC524900D93370 /* private_key.pem */; };
		E5B604B31BFC524900D93370 /* public_key.pem in Resources */ = {isa = PBXBuildFile; fileRef = E5B604B11BFC524900D93370 /* public_key.pem */; };
/* End PBXBuildFile section */

/* Begin PBXFileReference section */
		E571D87F1CBBF61100258582 /* MD5.h */ = {isa = PBXFileReference; fileEncoding = 4; lastKnownFileType = sourcecode.c.h; path = MD5.h; sourceTree = "<group>"; };
		E571D8801CBBF61100258582 /* MD5.m */ = {isa = PBXFileReference; fileEncoding = 4; lastKnownFileType = sourcecode.c.objc; path = MD5.m; sourceTree = "<group>"; };
		E5B603CA1BFC4EFC00D93370 /* RSA_OC.app */ = {isa = PBXFileReference; explicitFileType = wrapper.application; includeInIndex = 0; path = RSA_OC.app; sourceTree = BUILT_PRODUCTS_DIR; };
		E5B603CE1BFC4EFC00D93370 /* main.m */ = {isa = PBXFileReference; lastKnownFileType = sourcecode.c.objc; path = main.m; sourceTree = "<group>"; };
		E5B603D01BFC4EFC00D93370 /* AppDelegate.h */ = {isa = PBXFileReference; lastKnownFileType = sourcecode.c.h; path = AppDelegate.h; sourceTree = "<group>"; };
		E5B603D11BFC4EFC00D93370 /* AppDelegate.m */ = {isa = PBXFileReference; lastKnownFileType = sourcecode.c.objc; path = AppDelegate.m; sourceTree = "<group>"; };
		E5B603D31BFC4EFC00D93370 /* ViewController.h */ = {isa = PBXFileReference; lastKnownFileType = sourcecode.c.h; path = ViewController.h; sourceTree = "<group>"; };
		E5B603D41BFC4EFC00D93370 /* ViewController.m */ = {isa = PBXFileReference; lastKnownFileType = sourcecode.c.objc; path = ViewController.m; sourceTree = "<group>"; };
		E5B603D71BFC4EFC00D93370 /* Base */ = {isa = PBXFileReference; lastKnownFileType = file.storyboard; name = Base; path = Base.lproj/Main.storyboard; sourceTree = "<group>"; };
		E5B603D91BFC4EFC00D93370 /* Assets.xcassets */ = {isa = PBXFileReference; lastKnownFileType = folder.assetcatalog; path = Assets.xcassets; sourceTree = "<group>"; };
		E5B603DC1BFC4EFC00D93370 /* Base */ = {isa = PBXFileReference; lastKnownFileType = file.storyboard; name = Base; path = Base.lproj/LaunchScreen.storyboard; sourceTree = "<group>"; };
		E5B603DE1BFC4EFC00D93370 /* Info.plist */ = {isa = PBXFileReference; lastKnownFileType = text.plist.xml; path = Info.plist; sourceTree = "<group>"; };
		E5B6043D1BFC4F3200D93370 /* libcrypto.a */ = {isa = PBXFileReference; lastKnownFileType = archive.ar; name = libcrypto.a; path = "/Users/xiangyue/Desktop/RSA-finnal/RSA_OC/RSA_OC/RSA-objc/ios-openssl/lib/libcrypto.a"; sourceTree = "<absolute>"; };
		E5B6044F1BFC501900D93370 /* aes.h */ = {isa = PBXFileReference; fileEncoding = 4; lastKnownFileType = sourcecode.c.h; path = aes.h; sourceTree = "<group>"; };
		E5B604501BFC501900D93370 /* asn1.h */ = {isa = PBXFileReference; fileEncoding = 4; lastKnownFileType = sourcecode.c.h; path = asn1.h; sourceTree = "<group>"; };
		E5B604511BFC501900D93370 /* asn1_mac.h */ = {isa = PBXFileReference; fileEncoding = 4; lastKnownFileType = sourcecode.c.h; path = asn1_mac.h; sourceTree = "<group>"; };
		E5B604521BFC501900D93370 /* asn1t.h */ = {isa = PBXFileReference; fileEncoding = 4; lastKnownFileType = sourcecode.c.h; path = asn1t.h; sourceTree = "<group>"; };
		E5B604531BFC501900D93370 /* bio.h */ = {isa = PBXFileReference; fileEncoding = 4; lastKnownFileType = sourcecode.c.h; path = bio.h; sourceTree = "<group>"; };
		E5B604541BFC501900D93370 /* blowfish.h */ = {isa = PBXFileReference; fileEncoding = 4; lastKnownFileType = sourcecode.c.h; path = blowfish.h; sourceTree = "<group>"; };
		E5B604551BFC501900D93370 /* bn.h */ = {isa = PBXFileReference; fileEncoding = 4; lastKnownFileType = sourcecode.c.h; path = bn.h; sourceTree = "<group>"; };
		E5B604561BFC501900D93370 /* buffer.h */ = {isa = PBXFileReference; fileEncoding = 4; lastKnownFileType = sourcecode.c.h; path = buffer.h; sourceTree = "<group>"; };
		E5B604571BFC501900D93370 /* camellia.h */ = {isa = PBXFileReference; fileEncoding = 4; lastKnownFileType = sourcecode.c.h; path = camellia.h; sourceTree = "<group>"; };
		E5B604581BFC501900D93370 /* cast.h */ = {isa = PBXFileReference; fileEncoding = 4; lastKnownFileType = sourcecode.c.h; path = cast.h; sourceTree = "<group>"; };
		E5B604591BFC501900D93370 /* cmac.h */ = {isa = PBXFileReference; fileEncoding = 4; lastKnownFileType = sourcecode.c.h; path = cmac.h; sourceTree = "<group>"; };
		E5B6045A1BFC501900D93370 /* cms.h */ = {isa = PBXFileReference; fileEncoding = 4; lastKnownFileType = sourcecode.c.h; path = cms.h; sourceTree = "<group>"; };
		E5B6045B1BFC501900D93370 /* comp.h */ = {isa = PBXFileReference; fileEncoding = 4; lastKnownFileType = sourcecode.c.h; path = comp.h; sourceTree = "<group>"; };
		E5B6045C1BFC501900D93370 /* conf.h */ = {isa = PBXFileReference; fileEncoding = 4; lastKnownFileType = sourcecode.c.h; path = conf.h; sourceTree = "<group>"; };
		E5B6045D1BFC501900D93370 /* conf_api.h */ = {isa = PBXFileReference; fileEncoding = 4; lastKnownFileType = sourcecode.c.h; path = conf_api.h; sourceTree = "<group>"; };
		E5B6045E1BFC501900D93370 /* crypto.h */ = {isa = PBXFileReference; fileEncoding = 4; lastKnownFileType = sourcecode.c.h; path = crypto.h; sourceTree = "<group>"; };
		E5B6045F1BFC501900D93370 /* des.h */ = {isa = PBXFileReference; fileEncoding = 4; lastKnownFileType = sourcecode.c.h; path = des.h; sourceTree = "<group>"; };
		E5B604601BFC501900D93370 /* des_old.h */ = {isa = PBXFileReference; fileEncoding = 4; lastKnownFileType = sourcecode.c.h; path = des_old.h; sourceTree = "<group>"; };
		E5B604611BFC501900D93370 /* dh.h */ = {isa = PBXFileReference; fileEncoding = 4; lastKnownFileType = sourcecode.c.h; path = dh.h; sourceTree = "<group>"; };
		E5B604621BFC501900D93370 /* dsa.h */ = {isa = PBXFileReference; fileEncoding = 4; lastKnownFileType = sourcecode.c.h; path = dsa.h; sourceTree = "<group>"; };
		E5B604631BFC501900D93370 /* dso.h */ = {isa = PBXFileReference; fileEncoding = 4; lastKnownFileType = sourcecode.c.h; path = dso.h; sourceTree = "<group>"; };
		E5B604641BFC501900D93370 /* dtls1.h */ = {isa = PBXFileReference; fileEncoding = 4; lastKnownFileType = sourcecode.c.h; path = dtls1.h; sourceTree = "<group>"; };
		E5B604651BFC501900D93370 /* e_os2.h */ = {isa = PBXFileReference; fileEncoding = 4; lastKnownFileType = sourcecode.c.h; path = e_os2.h; sourceTree = "<group>"; };
		E5B604661BFC501900D93370 /* ebcdic.h */ = {isa = PBXFileReference; fileEncoding = 4; lastKnownFileType = sourcecode.c.h; path = ebcdic.h; sourceTree = "<group>"; };
		E5B604671BFC501900D93370 /* ec.h */ = {isa = PBXFileReference; fileEncoding = 4; lastKnownFileType = sourcecode.c.h; path = ec.h; sourceTree = "<group>"; };
		E5B604681BFC501900D93370 /* ecdh.h */ = {isa = PBXFileReference; fileEncoding = 4; lastKnownFileType = sourcecode.c.h; path = ecdh.h; sourceTree = "<group>"; };
		E5B604691BFC501900D93370 /* ecdsa.h */ = {isa = PBXFileReference; fileEncoding = 4; lastKnownFileType = sourcecode.c.h; path = ecdsa.h; sourceTree = "<group>"; };
		E5B6046A1BFC501900D93370 /* engine.h */ = {isa = PBXFileReference; fileEncoding = 4; lastKnownFileType = sourcecode.c.h; path = engine.h; sourceTree = "<group>"; };
		E5B6046B1BFC501900D93370 /* err.h */ = {isa = PBXFileReference; fileEncoding = 4; lastKnownFileType = sourcecode.c.h; path = err.h; sourceTree = "<group>"; };
		E5B6046C1BFC501900D93370 /* evp.h */ = {isa = PBXFileReference; fileEncoding = 4; lastKnownFileType = sourcecode.c.h; path = evp.h; sourceTree = "<group>"; };
		E5B6046D1BFC501900D93370 /* hmac.h */ = {isa = PBXFileReference; fileEncoding = 4; lastKnownFileType = sourcecode.c.h; path = hmac.h; sourceTree = "<group>"; };
		E5B6046E1BFC501900D93370 /* idea.h */ = {isa = PBXFileReference; fileEncoding = 4; lastKnownFileType = sourcecode.c.h; path = idea.h; sourceTree = "<group>"; };
		E5B6046F1BFC501900D93370 /* krb5_asn.h */ = {isa = PBXFileReference; fileEncoding = 4; lastKnownFileType = sourcecode.c.h; path = krb5_asn.h; sourceTree = "<group>"; };
		E5B604701BFC501900D93370 /* kssl.h */ = {isa = PBXFileReference; fileEncoding = 4; lastKnownFileType = sourcecode.c.h; path = kssl.h; sourceTree = "<group>"; };
		E5B604711BFC501900D93370 /* lhash.h */ = {isa = PBXFileReference; fileEncoding = 4; lastKnownFileType = sourcecode.c.h; path = lhash.h; sourceTree = "<group>"; };
		E5B604721BFC501900D93370 /* md4.h */ = {isa = PBXFileReference; fileEncoding = 4; lastKnownFileType = sourcecode.c.h; path = md4.h; sourceTree = "<group>"; };
		E5B604731BFC501900D93370 /* md5.h */ = {isa = PBXFileReference; fileEncoding = 4; lastKnownFileType = sourcecode.c.h; path = md5.h; sourceTree = "<group>"; };
		E5B604741BFC501900D93370 /* mdc2.h */ = {isa = PBXFileReference; fileEncoding = 4; lastKnownFileType = sourcecode.c.h; path = mdc2.h; sourceTree = "<group>"; };
		E5B604751BFC501900D93370 /* modes.h */ = {isa = PBXFileReference; fileEncoding = 4; lastKnownFileType = sourcecode.c.h; path = modes.h; sourceTree = "<group>"; };
		E5B604761BFC501900D93370 /* obj_mac.h */ = {isa = PBXFileReference; fileEncoding = 4; lastKnownFileType = sourcecode.c.h; path = obj_mac.h; sourceTree = "<group>"; };
		E5B604771BFC501900D93370 /* objects.h */ = {isa = PBXFileReference; fileEncoding = 4; lastKnownFileType = sourcecode.c.h; path = objects.h; sourceTree = "<group>"; };
		E5B604781BFC501900D93370 /* ocsp.h */ = {isa = PBXFileReference; fileEncoding = 4; lastKnownFileType = sourcecode.c.h; path = ocsp.h; sourceTree = "<group>"; };
		E5B604791BFC501900D93370 /* opensslconf.h */ = {isa = PBXFileReference; fileEncoding = 4; lastKnownFileType = sourcecode.c.h; path = opensslconf.h; sourceTree = "<group>"; };
		E5B6047A1BFC501900D93370 /* opensslv.h */ = {isa = PBXFileReference; fileEncoding = 4; lastKnownFileType = sourcecode.c.h; path = opensslv.h; sourceTree = "<group>"; };
		E5B6047B1BFC501900D93370 /* ossl_typ.h */ = {isa = PBXFileReference; fileEncoding = 4; lastKnownFileType = sourcecode.c.h; path = ossl_typ.h; sourceTree = "<group>"; };
		E5B6047C1BFC501900D93370 /* pem.h */ = {isa = PBXFileReference; fileEncoding = 4; lastKnownFileType = sourcecode.c.h; path = pem.h; sourceTree = "<group>"; };
		E5B6047D1BFC501900D93370 /* pem2.h */ = {isa = PBXFileReference; fileEncoding = 4; lastKnownFileType = sourcecode.c.h; path = pem2.h; sourceTree = "<group>"; };
		E5B6047E1BFC501900D93370 /* pkcs12.h */ = {isa = PBXFileReference; fileEncoding = 4; lastKnownFileType = sourcecode.c.h; path = pkcs12.h; sourceTree = "<group>"; };
		E5B6047F1BFC501900D93370 /* pkcs7.h */ = {isa = PBXFileReference; fileEncoding = 4; lastKnownFileType = sourcecode.c.h; path = pkcs7.h; sourceTree = "<group>"; };
		E5B604801BFC501900D93370 /* pqueue.h */ = {isa = PBXFileReference; fileEncoding = 4; lastKnownFileType = sourcecode.c.h; path = pqueue.h; sourceTree = "<group>"; };
		E5B604811BFC501900D93370 /* rand.h */ = {isa = PBXFileReference; fileEncoding = 4; lastKnownFileType = sourcecode.c.h; path = rand.h; sourceTree = "<group>"; };
		E5B604821BFC501900D93370 /* rc2.h */ = {isa = PBXFileReference; fileEncoding = 4; lastKnownFileType = sourcecode.c.h; path = rc2.h; sourceTree = "<group>"; };
		E5B604831BFC501900D93370 /* rc4.h */ = {isa = PBXFileReference; fileEncoding = 4; lastKnownFileType = sourcecode.c.h; path = rc4.h; sourceTree = "<group>"; };
		E5B604841BFC501900D93370 /* ripemd.h */ = {isa = PBXFileReference; fileEncoding = 4; lastKnownFileType = sourcecode.c.h; path = ripemd.h; sourceTree = "<group>"; };
		E5B604851BFC501900D93370 /* rsa.h */ = {isa = PBXFileReference; fileEncoding = 4; lastKnownFileType = sourcecode.c.h; path = rsa.h; sourceTree = "<group>"; };
		E5B604861BFC501900D93370 /* safestack.h */ = {isa = PBXFileReference; fileEncoding = 4; lastKnownFileType = sourcecode.c.h; path = safestack.h; sourceTree = "<group>"; };
		E5B604871BFC501900D93370 /* seed.h */ = {isa = PBXFileReference; fileEncoding = 4; lastKnownFileType = sourcecode.c.h; path = seed.h; sourceTree = "<group>"; };
		E5B604881BFC501900D93370 /* sha.h */ = {isa = PBXFileReference; fileEncoding = 4; lastKnownFileType = sourcecode.c.h; path = sha.h; sourceTree = "<group>"; };
		E5B604891BFC501900D93370 /* srp.h */ = {isa = PBXFileReference; fileEncoding = 4; lastKnownFileType = sourcecode.c.h; path = srp.h; sourceTree = "<group>"; };
		E5B6048A1BFC501900D93370 /* srtp.h */ = {isa = PBXFileReference; fileEncoding = 4; lastKnownFileType = sourcecode.c.h; path = srtp.h; sourceTree = "<group>"; };
		E5B6048B1BFC501900D93370 /* ssl.h */ = {isa = PBXFileReference; fileEncoding = 4; lastKnownFileType = sourcecode.c.h; path = ssl.h; sourceTree = "<group>"; };
		E5B6048C1BFC501900D93370 /* ssl2.h */ = {isa = PBXFileReference; fileEncoding = 4; lastKnownFileType = sourcecode.c.h; path = ssl2.h; sourceTree = "<group>"; };
		E5B6048D1BFC501900D93370 /* ssl23.h */ = {isa = PBXFileReference; fileEncoding = 4; lastKnownFileType = sourcecode.c.h; path = ssl23.h; sourceTree = "<group>"; };
		E5B6048E1BFC501900D93370 /* ssl3.h */ = {isa = PBXFileReference; fileEncoding = 4; lastKnownFileType = sourcecode.c.h; path = ssl3.h; sourceTree = "<group>"; };
		E5B6048F1BFC501900D93370 /* stack.h */ = {isa = PBXFileReference; fileEncoding = 4; lastKnownFileType = sourcecode.c.h; path = stack.h; sourceTree = "<group>"; };
		E5B604901BFC501900D93370 /* symhacks.h */ = {isa = PBXFileReference; fileEncoding = 4; lastKnownFileType = sourcecode.c.h; path = symhacks.h; sourceTree = "<group>"; };
		E5B604911BFC501900D93370 /* tls1.h */ = {isa = PBXFileReference; fileEncoding = 4; lastKnownFileType = sourcecode.c.h; path = tls1.h; sourceTree = "<group>"; };
		E5B604921BFC501900D93370 /* ts.h */ = {isa = PBXFileReference; fileEncoding = 4; lastKnownFileType = sourcecode.c.h; path = ts.h; sourceTree = "<group>"; };
		E5B604931BFC501900D93370 /* txt_db.h */ = {isa = PBXFileReference; fileEncoding = 4; lastKnownFileType = sourcecode.c.h; path = txt_db.h; sourceTree = "<group>"; };
		E5B604941BFC501900D93370 /* ui.h */ = {isa = PBXFileReference; fileEncoding = 4; lastKnownFileType = sourcecode.c.h; path = ui.h; sourceTree = "<group>"; };
		E5B604951BFC501900D93370 /* ui_compat.h */ = {isa = PBXFileReference; fileEncoding = 4; lastKnownFileType = sourcecode.c.h; path = ui_compat.h; sourceTree = "<group>"; };
		E5B604961BFC501900D93370 /* whrlpool.h */ = {isa = PBXFileReference; fileEncoding = 4; lastKnownFileType = sourcecode.c.h; path = whrlpool.h; sourceTree = "<group>"; };
		E5B604971BFC501900D93370 /* x509.h */ = {isa = PBXFileReference; fileEncoding = 4; lastKnownFileType = sourcecode.c.h; path = x509.h; sourceTree = "<group>"; };
		E5B604981BFC501900D93370 /* x509_vfy.h */ = {isa = PBXFileReference; fileEncoding = 4; lastKnownFileType = sourcecode.c.h; path = x509_vfy.h; sourceTree = "<group>"; };
		E5B604991BFC501900D93370 /* x509v3.h */ = {isa = PBXFileReference; fileEncoding = 4; lastKnownFileType = sourcecode.c.h; path = x509v3.h; sourceTree = "<group>"; };
		E5B6049B1BFC501900D93370 /* libcrypto.a */ = {isa = PBXFileReference; lastKnownFileType = archive.ar; path = libcrypto.a; sourceTree = "<group>"; };
		E5B6049C1BFC501900D93370 /* libssl.a */ = {isa = PBXFileReference; lastKnownFileType = archive.ar; path = libssl.a; sourceTree = "<group>"; };
		E5B6049D1BFC501900D93370 /* js_base_64.c */ = {isa = PBXFileReference; fileEncoding = 4; lastKnownFileType = sourcecode.c.c; path = js_base_64.c; sourceTree = "<group>"; };
		E5B6049E1BFC501900D93370 /* js_base_64.h */ = {isa = PBXFileReference; fileEncoding = 4; lastKnownFileType = sourcecode.c.h; path = js_base_64.h; sourceTree = "<group>"; };
		E5B6049F1BFC501900D93370 /* js_rsa.c */ = {isa = PBXFileReference; fileEncoding = 4; lastKnownFileType = sourcecode.c.c; path = js_rsa.c; sourceTree = "<group>"; };
		E5B604A01BFC501900D93370 /* js_rsa.h */ = {isa = PBXFileReference; fileEncoding = 4; lastKnownFileType = sourcecode.c.h; path = js_rsa.h; sourceTree = "<group>"; };
		E5B604A11BFC501900D93370 /* JSRSA.h */ = {isa = PBXFileReference; fileEncoding = 4; lastKnownFileType = sourcecode.c.h; path = JSRSA.h; sourceTree = "<group>"; };
		E5B604A21BFC501900D93370 /* JSRSA.m */ = {isa = PBXFileReference; fileEncoding = 4; lastKnownFileType = sourcecode.c.objc; path = JSRSA.m; sourceTree = "<group>"; };
		E5B604B01BFC524900D93370 /* private_key.pem */ = {isa = PBXFileReference; fileEncoding = 4; lastKnownFileType = text; path = private_key.pem; sourceTree = "<group>"; };
		E5B604B11BFC524900D93370 /* public_key.pem */ = {isa = PBXFileReference; fileEncoding = 4; lastKnownFileType = text; path = public_key.pem; sourceTree = "<group>"; };
/* End PBXFileReference section */

/* Begin PBXFrameworksBuildPhase section */
		E5B603C71BFC4EFC00D93370 /* Frameworks */ = {
			isa = PBXFrameworksBuildPhase;
			buildActionMask = 2147483647;
			files = (
				E5B604A61BFC501900D93370 /* libssl.a in Frameworks */,
				E5B6043F1BFC4F3200D93370 /* libcrypto.a in Frameworks */,
			);
			runOnlyForDeploymentPostprocessing = 0;
		};
/* End PBXFrameworksBuildPhase section */

/* Begin PBXGroup section */
		E5B603C11BFC4EFC00D93370 = {
			isa = PBXGroup;
			children = (
				E5B603CC1BFC4EFC00D93370 /* RSA_OC */,
				E5B603CB1BFC4EFC00D93370 /* Products */,
			);
			sourceTree = "<group>";
		};
		E5B603CB1BFC4EFC00D93370 /* Products */ = {
			isa = PBXGroup;
			children = (
				E5B603CA1BFC4EFC00D93370 /* RSA_OC.app */,
			);
			name = Products;
			sourceTree = "<group>";
		};
		E5B603CC1BFC4EFC00D93370 /* RSA_OC */ = {
			isa = PBXGroup;
			children = (
				E5B604B01BFC524900D93370 /* private_key.pem */,
				E5B604B11BFC524900D93370 /* public_key.pem */,
				E5B6044B1BFC501900D93370 /* RSA-objc */,
				E5B603D01BFC4EFC00D93370 /* AppDelegate.h */,
				E5B603D11BFC4EFC00D93370 /* AppDelegate.m */,
				E5B603D31BFC4EFC00D93370 /* ViewController.h */,
				E5B603D41BFC4EFC00D93370 /* ViewController.m */,
				E5B603D61BFC4EFC00D93370 /* Main.storyboard */,
				E5B603D91BFC4EFC00D93370 /* Assets.xcassets */,
				E5B603DB1BFC4EFC00D93370 /* LaunchScreen.storyboard */,
				E5B603DE1BFC4EFC00D93370 /* Info.plist */,
				E5B603CD1BFC4EFC00D93370 /* Supporting Files */,
			);
			path = RSA_OC;
			sourceTree = "<group>";
		};
		E5B603CD1BFC4EFC00D93370 /* Supporting Files */ = {
			isa = PBXGroup;
			children = (
				E5B603CE1BFC4EFC00D93370 /* main.m */,
			);
			name = "Supporting Files";
			sourceTree = "<group>";
		};
		E5B6044B1BFC501900D93370 /* RSA-objc */ = {
			isa = PBXGroup;
			children = (
				E5B6044C1BFC501900D93370 /* ios-openssl */,
				E5B6049D1BFC501900D93370 /* js_base_64.c */,
				E5B6049E1BFC501900D93370 /* js_base_64.h */,
				E5B6049F1BFC501900D93370 /* js_rsa.c */,
				E5B604A01BFC501900D93370 /* js_rsa.h */,
				E5B604A11BFC501900D93370 /* JSRSA.h */,
				E5B604A21BFC501900D93370 /* JSRSA.m */,
				E571D87F1CBBF61100258582 /* MD5.h */,
				E571D8801CBBF61100258582 /* MD5.m */,
			);
			path = "RSA-objc";
			sourceTree = "<group>";
		};
		E5B6044C1BFC501900D93370 /* ios-openssl */ = {
			isa = PBXGroup;
			children = (
				E5B6044D1BFC501900D93370 /* include */,
				E5B6049A1BFC501900D93370 /* lib */,
			);
			path = "ios-openssl";
			sourceTree = "<group>";
		};
		E5B6044D1BFC501900D93370 /* include */ = {
			isa = PBXGroup;
			children = (
				E5B6044E1BFC501900D93370 /* openssl */,
			);
			path = include;
			sourceTree = "<group>";
		};
		E5B6044E1BFC501900D93370 /* openssl */ = {
			isa = PBXGroup;
			children = (
				E5B6044F1BFC501900D93370 /* aes.h */,
				E5B604501BFC501900D93370 /* asn1.h */,
				E5B604511BFC501900D93370 /* asn1_mac.h */,
				E5B604521BFC501900D93370 /* asn1t.h */,
				E5B604531BFC501900D93370 /* bio.h */,
				E5B604541BFC501900D93370 /* blowfish.h */,
				E5B604551BFC501900D93370 /* bn.h */,
				E5B604561BFC501900D93370 /* buffer.h */,
				E5B604571BFC501900D93370 /* camellia.h */,
				E5B604581BFC501900D93370 /* cast.h */,
				E5B604591BFC501900D93370 /* cmac.h */,
				E5B6045A1BFC501900D93370 /* cms.h */,
				E5B6045B1BFC501900D93370 /* comp.h */,
				E5B6045C1BFC501900D93370 /* conf.h */,
				E5B6045D1BFC501900D93370 /* conf_api.h */,
				E5B6045E1BFC501900D93370 /* crypto.h */,
				E5B6045F1BFC501900D93370 /* des.h */,
				E5B604601BFC501900D93370 /* des_old.h */,
				E5B604611BFC501900D93370 /* dh.h */,
				E5B604621BFC501900D93370 /* dsa.h */,
				E5B604631BFC501900D93370 /* dso.h */,
				E5B604641BFC501900D93370 /* dtls1.h */,
				E5B604651BFC501900D93370 /* e_os2.h */,
				E5B604661BFC501900D93370 /* ebcdic.h */,
				E5B604671BFC501900D93370 /* ec.h */,
				E5B604681BFC501900D93370 /* ecdh.h */,
				E5B604691BFC501900D93370 /* ecdsa.h */,
				E5B6046A1BFC501900D93370 /* engine.h */,
				E5B6046B1BFC501900D93370 /* err.h */,
				E5B6046C1BFC501900D93370 /* evp.h */,
				E5B6046D1BFC501900D93370 /* hmac.h */,
				E5B6046E1BFC501900D93370 /* idea.h */,
				E5B6046F1BFC501900D93370 /* krb5_asn.h */,
				E5B604701BFC501900D93370 /* kssl.h */,
				E5B604711BFC501900D93370 /* lhash.h */,
				E5B604721BFC501900D93370 /* md4.h */,
				E5B604731BFC501900D93370 /* md5.h */,
				E5B604741BFC501900D93370 /* mdc2.h */,
				E5B604751BFC501900D93370 /* modes.h */,
				E5B604761BFC501900D93370 /* obj_mac.h */,
				E5B604771BFC501900D93370 /* objects.h */,
				E5B604781BFC501900D93370 /* ocsp.h */,
				E5B604791BFC501900D93370 /* opensslconf.h */,
				E5B6047A1BFC501900D93370 /* opensslv.h */,
				E5B6047B1BFC501900D93370 /* ossl_typ.h */,
				E5B6047C1BFC501900D93370 /* pem.h */,
				E5B6047D1BFC501900D93370 /* pem2.h */,
				E5B6047E1BFC501900D93370 /* pkcs12.h */,
				E5B6047F1BFC501900D93370 /* pkcs7.h */,
				E5B604801BFC501900D93370 /* pqueue.h */,
				E5B604811BFC501900D93370 /* rand.h */,
				E5B604821BFC501900D93370 /* rc2.h */,
				E5B604831BFC501900D93370 /* rc4.h */,
				E5B604841BFC501900D93370 /* ripemd.h */,
				E5B604851BFC501900D93370 /* rsa.h */,
				E5B604861BFC501900D93370 /* safestack.h */,
				E5B604871BFC501900D93370 /* seed.h */,
				E5B604881BFC501900D93370 /* sha.h */,
				E5B604891BFC501900D93370 /* srp.h */,
				E5B6048A1BFC501900D93370 /* srtp.h */,
				E5B6048B1BFC501900D93370 /* ssl.h */,
				E5B6048C1BFC501900D93370 /* ssl2.h */,
				E5B6048D1BFC501900D93370 /* ssl23.h */,
				E5B6048E1BFC501900D93370 /* ssl3.h */,
				E5B6048F1BFC501900D93370 /* stack.h */,
				E5B604901BFC501900D93370 /* symhacks.h */,
				E5B604911BFC501900D93370 /* tls1.h */,
				E5B604921BFC501900D93370 /* ts.h */,
				E5B604931BFC501900D93370 /* txt_db.h */,
				E5B604941BFC501900D93370 /* ui.h */,
				E5B604951BFC501900D93370 /* ui_compat.h */,
				E5B604961BFC501900D93370 /* whrlpool.h */,
				E5B604971BFC501900D93370 /* x509.h */,
				E5B604981BFC501900D93370 /* x509_vfy.h */,
				E5B604991BFC501900D93370 /* x509v3.h */,
			);
			path = openssl;
			sourceTree = "<group>";
		};
		E5B6049A1BFC501900D93370 /* lib */ = {
			isa = PBXGroup;
			children = (
				E5B6049B1BFC501900D93370 /* libcrypto.a */,
				E5B6049C1BFC501900D93370 /* libssl.a */,
			);
			path = lib;
			sourceTree = "<group>";
		};
/* End PBXGroup section */

/* Begin PBXNativeTarget section */
		E5B603C91BFC4EFC00D93370 /* RSA_OC */ = {
			isa = PBXNativeTarget;
			buildConfigurationList = E5B603E11BFC4EFC00D93370 /* Build configuration list for PBXNativeTarget "RSA_OC" */;
			buildPhases = (
				E5B603C61BFC4EFC00D93370 /* Sources */,
				E5B603C71BFC4EFC00D93370 /* Frameworks */,
				E5B603C81BFC4EFC00D93370 /* Resources */,
			);
			buildRules = (
			);
			dependencies = (
			);
			name = RSA_OC;
			productName = RSA_OC;
			productReference = E5B603CA1BFC4EFC00D93370 /* RSA_OC.app */;
			productType = "com.apple.product-type.application";
		};
/* End PBXNativeTarget section */

/* Begin PBXProject section */
		E5B603C21BFC4EFC00D93370 /* Project object */ = {
			isa = PBXProject;
			attributes = {
				LastUpgradeCheck = 0710;
				ORGANIZATIONNAME = xiangyue;
				TargetAttributes = {
					E5B603C91BFC4EFC00D93370 = {
						CreatedOnToolsVersion = 7.1;
					};
				};
			};
			buildConfigurationList = E5B603C51BFC4EFC00D93370 /* Build configuration list for PBXProject "RSA_OC" */;
			compatibilityVersion = "Xcode 3.2";
			developmentRegion = English;
			hasScannedForEncodings = 0;
			knownRegions = (
				en,
				Base,
			);
			mainGroup = E5B603C11BFC4EFC00D93370;
			productRefGroup = E5B603CB1BFC4EFC00D93370 /* Products */;
			projectDirPath = "";
			projectRoot = "";
			targets = (
				E5B603C91BFC4EFC00D93370 /* RSA_OC */,
			);
		};
/* End PBXProject section */

/* Begin PBXResourcesBuildPhase section */
		E5B603C81BFC4EFC00D93370 /* Resources */ = {
			isa = PBXResourcesBuildPhase;
			buildActionMask = 2147483647;
			files = (
				E5B603DD1BFC4EFC00D93370 /* LaunchScreen.storyboard in Resources */,
				E5B603DA1BFC4EFC00D93370 /* Assets.xcassets in Resources */,
				E5B604B21BFC524900D93370 /* private_key.pem in Resources */,
				E5B603D81BFC4EFC00D93370 /* Main.storyboard in Resources */,
				E5B604B31BFC524900D93370 /* public_key.pem in Resources */,
			);
			runOnlyForDeploymentPostprocessing = 0;
		};
/* End PBXResourcesBuildPhase section */

/* Begin PBXSourcesBuildPhase section */
		E5B603C61BFC4EFC00D93370 /* Sources */ = {
			isa = PBXSourcesBuildPhase;
			buildActionMask = 2147483647;
			files = (
				E5B603D51BFC4EFC00D93370 /* ViewController.m in Sources */,
				E5B604A81BFC501900D93370 /* js_rsa.c in Sources */,
				E571D8811CBBF61100258582 /* MD5.m in Sources */,
				E5B604A71BFC501900D93370 /* js_base_64.c in Sources */,
				E5B604A91BFC501900D93370 /* JSRSA.m in Sources */,
				E5B603D21BFC4EFC00D93370 /* AppDelegate.m in Sources */,
				E5B603CF1BFC4EFC00D93370 /* main.m in Sources */,
			);
			runOnlyForDeploymentPostprocessing = 0;
		};
/* End PBXSourcesBuildPhase section */

/* Begin PBXVariantGroup section */
		E5B603D61BFC4EFC00D93370 /* Main.storyboard */ = {
			isa = PBXVariantGroup;
			children = (
				E5B603D71BFC4EFC00D93370 /* Base */,
			);
			name = Main.storyboard;
			sourceTree = "<group>";
		};
		E5B603DB1BFC4EFC00D93370 /* LaunchScreen.storyboard */ = {
			isa = PBXVariantGroup;
			children = (
				E5B603DC1BFC4EFC00D93370 /* Base */,
			);
			name = LaunchScreen.storyboard;
			sourceTree = "<group>";
		};
/* End PBXVariantGroup section */

/* Begin XCBuildConfiguration section */
		E5B603DF1BFC4EFC00D93370 /* Debug */ = {
			isa = XCBuildConfiguration;
			buildSettings = {
				ALWAYS_SEARCH_USER_PATHS = NO;
				CLANG_CXX_LANGUAGE_STANDARD = "gnu++0x";
				CLANG_CXX_LIBRARY = "libc++";
				CLANG_ENABLE_MODULES = YES;
				CLANG_ENABLE_OBJC_ARC = YES;
				CLANG_WARN_BOOL_CONVERSION = YES;
				CLANG_WARN_CONSTANT_CONVERSION = YES;
				CLANG_WARN_DIRECT_OBJC_ISA_USAGE = YES_ERROR;
				CLANG_WARN_EMPTY_BODY = YES;
				CLANG_WARN_ENUM_CONVERSION = YES;
				CLANG_WARN_INT_CONVERSION = YES;
				CLANG_WARN_OBJC_ROOT_CLASS = YES_ERROR;
				CLANG_WARN_UNREACHABLE_CODE = YES;
				CLANG_WARN__DUPLICATE_METHOD_MATCH = YES;
				"CODE_SIGN_IDENTITY[sdk=iphoneos*]" = "iPhone Developer";
				COPY_PHASE_STRIP = NO;
				DEBUG_INFORMATION_FORMAT = dwarf;
				ENABLE_STRICT_OBJC_MSGSEND = YES;
				ENABLE_TESTABILITY = YES;
				GCC_C_LANGUAGE_STANDARD = gnu99;
				GCC_DYNAMIC_NO_PIC = NO;
				GCC_NO_COMMON_BLOCKS = YES;
				GCC_OPTIMIZATION_LEVEL = 0;
				GCC_PREPROCESSOR_DEFINITIONS = (
					"DEBUG=1",
					"$(inherited)",
				);
				GCC_WARN_64_TO_32_BIT_CONVERSION = YES;
				GCC_WARN_ABOUT_RETURN_TYPE = YES_ERROR;
				GCC_WARN_UNDECLARED_SELECTOR = YES;
				GCC_WARN_UNINITIALIZED_AUTOS = YES_AGGRESSIVE;
				GCC_WARN_UNUSED_FUNCTION = YES;
				GCC_WARN_UNUSED_VARIABLE = YES;
				IPHONEOS_DEPLOYMENT_TARGET = 9.1;
				MTL_ENABLE_DEBUG_INFO = YES;
				ONLY_ACTIVE_ARCH = YES;
				SDKROOT = iphoneos;
				TARGETED_DEVICE_FAMILY = "1,2";
			};
			name = Debug;
		};
		E5B603E01BFC4EFC00D93370 /* Release */ = {
			isa = XCBuildConfiguration;
			buildSettings = {
				ALWAYS_SEARCH_USER_PATHS = NO;
				CLANG_CXX_LANGUAGE_STANDARD = "gnu++0x";
				CLANG_CXX_LIBRARY = "libc++";
				CLANG_ENABLE_MODULES = YES;
				CLANG_ENABLE_OBJC_ARC = YES;
				CLANG_WARN_BOOL_CONVERSION = YES;
				CLANG_WARN_CONSTANT_CONVERSION = YES;
				CLANG_WARN_DIRECT_OBJC_ISA_USAGE = YES_ERROR;
				CLANG_WARN_EMPTY_BODY = YES;
				CLANG_WARN_ENUM_CONVERSION = YES;
				CLANG_WARN_INT_CONVERSION = YES;
				CLANG_WARN_OBJC_ROOT_CLASS = YES_ERROR;
				CLANG_WARN_UNREACHABLE_CODE = YES;
				CLANG_WARN__DUPLICATE_METHOD_MATCH = YES;
				"CODE_SIGN_IDENTITY[sdk=iphoneos*]" = "iPhone Developer";
				COPY_PHASE_STRIP = NO;
				DEBUG_INFORMATION_FORMAT = "dwarf-with-dsym";
				ENABLE_NS_ASSERTIONS = NO;
				ENABLE_STRICT_OBJC_MSGSEND = YES;
				GCC_C_LANGUAGE_STANDARD = gnu99;
				GCC_NO_COMMON_BLOCKS = YES;
				GCC_WARN_64_TO_32_BIT_CONVERSION = YES;
				GCC_WARN_ABOUT_RETURN_TYPE = YES_ERROR;
				GCC_WARN_UNDECLARED_SELECTOR = YES;
				GCC_WARN_UNINITIALIZED_AUTOS = YES_AGGRESSIVE;
				GCC_WARN_UNUSED_FUNCTION = YES;
				GCC_WARN_UNUSED_VARIABLE = YES;
				IPHONEOS_DEPLOYMENT_TARGET = 9.1;
				MTL_ENABLE_DEBUG_INFO = NO;
				SDKROOT = iphoneos;
				TARGETED_DEVICE_FAMILY = "1,2";
				VALIDATE_PRODUCT = YES;
			};
			name = Release;
		};
		E5B603E21BFC4EFC00D93370 /* Debug */ = {
			isa = XCBuildConfiguration;
			buildSettings = {
				ASSETCATALOG_COMPILER_APPICON_NAME = AppIcon;
				HEADER_SEARCH_PATHS = (
					"${SRCROOT}/RSA_OC/RSA-objc/ios-openssl/include/**",
					"${SRCROOT}/RSA_OC/RSA-objc/ios-openssl/lib/**",
				);
				INFOPLIST_FILE = RSA_OC/Info.plist;
				LD_RUNPATH_SEARCH_PATHS = "$(inherited) @executable_path/Frameworks";
				LIBRARY_SEARCH_PATHS = (
					"$(inherited)",
					"$(PROJECT_DIR)/RSA_OC/RSA-objc/ios-openssl/lib",
				);
				PRODUCT_BUNDLE_IDENTIFIER = "com.crediteease.RSA-OC";
				PRODUCT_NAME = "$(TARGET_NAME)";
			};
			name = Debug;
		};
		E5B603E31BFC4EFC00D93370 /* Release */ = {
			isa = XCBuildConfiguration;
			buildSettings = {
				ASSETCATALOG_COMPILER_APPICON_NAME = AppIcon;
				HEADER_SEARCH_PATHS = (
					"${SRCROOT}/RSA_OC/RSA-objc/ios-openssl/include/**",
					"${SRCROOT}/RSA_OC/RSA-objc/ios-openssl/lib/**",
				);
				INFOPLIST_FILE = RSA_OC/Info.plist;
				LD_RUNPATH_SEARCH_PATHS = "$(inherited) @executable_path/Frameworks";
				LIBRARY_SEARCH_PATHS = (
					"$(inherited)",
					"$(PROJECT_DIR)/RSA_OC/RSA-objc/ios-openssl/lib",
				);
				PRODUCT_BUNDLE_IDENTIFIER = "com.crediteease.RSA-OC";
				PRODUCT_NAME = "$(TARGET_NAME)";
			};
			name = Release;
		};
/* End XCBuildConfiguration section */

/* Begin XCConfigurationList section */
		E5B603C51BFC4EFC00D93370 /* Build configuration list for PBXProject "RSA_OC" */ = {
			isa = XCConfigurationList;
			buildConfigurations = (
				E5B603DF1BFC4EFC00D93370 /* Debug */,
				E5B603E01BFC4EFC00D93370 /* Release */,
			);
			defaultConfigurationIsVisible = 0;
			defaultConfigurationName = Release;
		};
		E5B603E11BFC4EFC00D93370 /* Build configuration list for PBXNativeTarget "RSA_OC" */ = {
			isa = XCConfigurationList;
			buildConfigurations = (
				E5B603E21BFC4EFC00D93370 /* Debug */,
				E5B603E31BFC4EFC00D93370 /* Release */,
			);
			defaultConfigurationIsVisible = 0;
			defaultConfigurationName = Release;
		};
/* End XCConfigurationList section */
	};
	rootObject = E5B603C21BFC4EFC00D93370 /* Project object */;
}
